{
  "name": "middagsdeling",
  "lockfileVersion": 2,
  "requires": true,
  "packages": {
    "": {
      "dependencies": {
        "@feathersjs/rest-client": "^4.5.11",
        "axios": "^0.21.1"
      }
    },
    "node_modules/@feathersjs/commons": {
      "version": "4.5.11",
      "resolved": "https://registry.npmjs.org/@feathersjs/commons/-/commons-4.5.11.tgz",
      "integrity": "sha512-it/9lc0OER36+2zidopWo6Z4xRqNImQ+qegyQdHEuIDpEsYLXAv6MVHuDccaW2x2UmW5pce75UB7DhQ8yh8J/Q==",
      "engines": {
        "node": ">= 10"
      },
      "funding": {
        "type": "github",
        "url": "https://github.com/sponsors/daffl"
      }
    },
    "node_modules/@feathersjs/errors": {
      "version": "4.5.11",
      "resolved": "https://registry.npmjs.org/@feathersjs/errors/-/errors-4.5.11.tgz",
      "integrity": "sha512-KzkUqmaV7/SGK6SM/ILXjMI/EHOGKQE4GgDHCsB4+mcIwb8IZboeHL6IkYjh6MvwjKNDyS728McZvcflDGn/fA==",
      "dependencies": {
        "debug": "^4.3.1"
      },
      "engines": {
        "node": ">= 10"
      }
    },
    "node_modules/@feathersjs/rest-client": {
      "version": "4.5.11",
      "resolved": "https://registry.npmjs.org/@feathersjs/rest-client/-/rest-client-4.5.11.tgz",
      "integrity": "sha512-OFvV7A3gk6MhTFpuz+hYBG9Do7AdStNtF6Kol/HSFPfaQv34VdOLD7M60EliCA2/7QykvuYU1uhwhhkNGUeWXg==",
      "dependencies": {
        "@feathersjs/commons": "^4.5.11",
        "@feathersjs/errors": "^4.5.11",
        "qs": "^6.9.4"
      },
      "engines": {
        "node": ">= 10"
      },
      "funding": {
        "type": "github",
        "url": "https://github.com/sponsors/daffl"
      }
    },
    "node_modules/axios": {
      "version": "0.21.1",
      "resolved": "https://registry.npmjs.org/axios/-/axios-0.21.1.tgz",
      "integrity": "sha512-dKQiRHxGD9PPRIUNIWvZhPTPpl1rf/OxTYKsqKUDjBwYylTvV7SjSHJb9ratfyzM6wCdLCOYLzs73qpg5c4iGA==",
      "dependencies": {
        "follow-redirects": "^1.10.0"
      }
    },
    "node_modules/debug": {
      "version": "4.3.1",
      "resolved": "https://registry.npmjs.org/debug/-/debug-4.3.1.tgz",
      "integrity": "sha512-doEwdvm4PCeK4K3RQN2ZC2BYUBaxwLARCqZmMjtF8a51J2Rb0xpVloFRnCODwqjpwnAoao4pelN8l3RJdv3gRQ==",
      "dependencies": {
        "ms": "2.1.2"
      },
      "engines": {
        "node": ">=6.0"
      },
      "peerDependenciesMeta": {
        "supports-color": {
          "optional": true
        }
      }
    },
    "node_modules/follow-redirects": {
      "version": "1.13.2",
      "resolved": "https://registry.npmjs.org/follow-redirects/-/follow-redirects-1.13.2.tgz",
      "integrity": "sha512-6mPTgLxYm3r6Bkkg0vNM0HTjfGrOEtsfbhagQvbxDEsEkpNhw582upBaoRZylzen6krEmxXJgt9Ju6HiI4O7BA==",
      "funding": [
        {
          "type": "individual",
          "url": "https://github.com/sponsors/RubenVerborgh"
        }
      ],
      "engines": {
        "node": ">=4.0"
      },
      "peerDependenciesMeta": {
        "debug": {
          "optional": true
        }
      }
    },
    "node_modules/ms": {
      "version": "2.1.2",
      "resolved": "https://registry.npmjs.org/ms/-/ms-2.1.2.tgz",
      "integrity": "sha512-sGkPx+VjMtmA6MX27oA4FBFELFCZZ4S4XqeGOXCv68tT+jb3vk/RyaKWP0PTKyWtmLSM0b+adUTEvbs1PEaH2w=="
    },
    "node_modules/qs": {
      "version": "6.9.6",
      "resolved": "https://registry.npmjs.org/qs/-/qs-6.9.6.tgz",
      "integrity": "sha512-TIRk4aqYLNoJUbd+g2lEdz5kLWIuTMRagAXxl78Q0RiVjAOugHmeKNGdd3cwo/ktpf9aL9epCfFqWDEKysUlLQ==",
      "engines": {
        "node": ">=0.6"
      },
      "funding": {
        "url": "https://github.com/sponsors/ljharb"
      }
    }
  },
  "dependencies": {
    "@feathersjs/commons": {
      "version": "4.5.11",
      "resolved": "https://registry.npmjs.org/@feathersjs/commons/-/commons-4.5.11.tgz",
      "integrity": "sha512-it/9lc0OER36+2zidopWo6Z4xRqNImQ+qegyQdHEuIDpEsYLXAv6MVHuDccaW2x2UmW5pce75UB7DhQ8yh8J/Q=="
    },
    "@feathersjs/errors": {
      "version": "4.5.11",
      "resolved": "https://registry.npmjs.org/@feathersjs/errors/-/errors-4.5.11.tgz",
      "integrity": "sha512-KzkUqmaV7/SGK6SM/ILXjMI/EHOGKQE4GgDHCsB4+mcIwb8IZboeHL6IkYjh6MvwjKNDyS728McZvcflDGn/fA==",
      "requires": {
        "debug": "^4.3.1"
      }
    },
    "@feathersjs/rest-client": {
      "version": "4.5.11",
      "resolved": "https://registry.npmjs.org/@feathersjs/rest-client/-/rest-client-4.5.11.tgz",
      "integrity": "sha512-OFvV7A3gk6MhTFpuz+hYBG9Do7AdStNtF6Kol/HSFPfaQv34VdOLD7M60EliCA2/7QykvuYU1uhwhhkNGUeWXg==",
      "requires": {
        "@feathersjs/commons": "^4.5.11",
        "@feathersjs/errors": "^4.5.11",
        "qs": "^6.9.4"
      }
    },
    "axios": {
      "version": "0.21.1",
      "resolved": "https://registry.npmjs.org/axios/-/axios-0.21.1.tgz",
      "integrity": "sha512-dKQiRHxGD9PPRIUNIWvZhPTPpl1rf/OxTYKsqKUDjBwYylTvV7SjSHJb9ratfyzM6wCdLCOYLzs73qpg5c4iGA==",
      "requires": {
        "follow-redirects": "^1.10.0"
      }
    },
    "debug": {
      "version": "4.3.1",
      "resolved": "https://registry.npmjs.org/debug/-/debug-4.3.1.tgz",
      "integrity": "sha512-doEwdvm4PCeK4K3RQN2ZC2BYUBaxwLARCqZmMjtF8a51J2Rb0xpVloFRnCODwqjpwnAoao4pelN8l3RJdv3gRQ==",
      "requires": {
        "ms": "2.1.2"
      }
    },
    "follow-redirects": {
      "version": "1.13.2",
      "resolved": "https://registry.npmjs.org/follow-redirects/-/follow-redirects-1.13.2.tgz",
      "integrity": "sha512-6mPTgLxYm3r6Bkkg0vNM0HTjfGrOEtsfbhagQvbxDEsEkpNhw582upBaoRZylzen6krEmxXJgt9Ju6HiI4O7BA=="
    },
    "ms": {
      "version": "2.1.2",
      "resolved": "https://registry.npmjs.org/ms/-/ms-2.1.2.tgz",
      "integrity": "sha512-sGkPx+VjMtmA6MX27oA4FBFELFCZZ4S4XqeGOXCv68tT+jb3vk/RyaKWP0PTKyWtmLSM0b+adUTEvbs1PEaH2w=="
    },
    "qs": {
      "version": "6.9.6",
      "resolved": "https://registry.npmjs.org/qs/-/qs-6.9.6.tgz",
      "integrity": "sha512-TIRk4aqYLNoJUbd+g2lEdz5kLWIuTMRagAXxl78Q0RiVjAOugHmeKNGdd3cwo/ktpf9aL9epCfFqWDEKysUlLQ=="
    }
  }
}
